// !$*UTF8*$!
{
	archiveVersion = 1;
	classes = {
	};
	objectVersion = 56;
	objects = {

/* Begin PBXBuildFile section */
		C3294FD52B59E61B009F30AB /* CarCustomiserApp.swift in Sources */ = {isa = PBXBuildFile; fileRef = C3294FD42B59E61B009F30AB /* CarCustomiserApp.swift */; };
		C3294FD72B59E61B009F30AB /* ContentView.swift in Sources */ = {isa = PBXBuildFile; fileRef = C3294FD62B59E61B009F30AB /* ContentView.swift */; };
		C3294FD92B59E61D009F30AB /* Assets.xcassets in Resources */ = {isa = PBXBuildFile; fileRef = C3294FD82B59E61D009F30AB /* Assets.xcassets */; };
		C3294FDC2B59E61D009F30AB /* Preview Assets.xcassets in Resources */ = {isa = PBXBuildFile; fileRef = C3294FDB2B59E61D009F30AB /* Preview Assets.xcassets */; };
		C3294FE62B59E61D009F30AB /* CarCustomiserTests.swift in Sources */ = {isa = PBXBuildFile; fileRef = C3294FE52B59E61D009F30AB /* CarCustomiserTests.swift */; };
		C3294FF02B59E61D009F30AB /* CarCustomiserUITests.swift in Sources */ = {isa = PBXBuildFile; fileRef = C3294FEF2B59E61D009F30AB /* CarCustomiserUITests.swift */; };
		C3294FF22B59E61D009F30AB /* CarCustomiserUITestsLaunchTests.swift in Sources */ = {isa = PBXBuildFile; fileRef = C3294FF12B59E61D009F30AB /* CarCustomiserUITestsLaunchTests.swift */; };
		C3294FFF2B59E91B009F30AB /* Car.swift in Sources */ = {isa = PBXBuildFile; fileRef = C3294FFE2B59E91B009F30AB /* Car.swift */; };
		C32950002B59E968009F30AB /* Car.swift in Sources */ = {isa = PBXBuildFile; fileRef = C3294FFE2B59E91B009F30AB /* Car.swift */; };
		C32950012B59ECD0009F30AB /* ContentView.swift in Sources */ = {isa = PBXBuildFile; fileRef = C3294FD62B59E61B009F30AB /* ContentView.swift */; };
/* End PBXBuildFile section */

/* Begin PBXContainerItemProxy section */
		C3294FE22B59E61D009F30AB /* PBXContainerItemProxy */ = {
			isa = PBXContainerItemProxy;
			containerPortal = C3294FC92B59E61B009F30AB /* Project object */;
			proxyType = 1;
			remoteGlobalIDString = C3294FD02B59E61B009F30AB;
			remoteInfo = CarCustomiser;
		};
		C3294FEC2B59E61D009F30AB /* PBXContainerItemProxy */ = {
			isa = PBXContainerItemProxy;
			containerPortal = C3294FC92B59E61B009F30AB /* Project object */;
			proxyType = 1;
			remoteGlobalIDString = C3294FD02B59E61B009F30AB;
			remoteInfo = CarCustomiser;
		};
/* End PBXContainerItemProxy section */

/* Begin PBXFileReference section */
		C3294FD12B59E61B009F30AB /* CarCustomiser.app */ = {isa = PBXFileReference; explicitFileType = wrapper.application; includeInIndex = 0; path = CarCustomiser.app; sourceTree = BUILT_PRODUCTS_DIR; };
		C3294FD42B59E61B009F30AB /* CarCustomiserApp.swift */ = {isa = PBXFileReference; lastKnownFileType = sourcecode.swift; path = CarCustomiserApp.swift; sourceTree = "<group>"; };
		C3294FD62B59E61B009F30AB /* ContentView.swift */ = {isa = PBXFileReference; lastKnownFileType = sourcecode.swift; path = ContentView.swift; sourceTree = "<group>"; };
		C3294FD82B59E61D009F30AB /* Assets.xcassets */ = {isa = PBXFileReference; lastKnownFileType = folder.assetcatalog; path = Assets.xcassets; sourceTree = "<group>"; };
		C3294FDB2B59E61D009F30AB /* Preview Assets.xcassets */ = {isa = PBXFileReference; lastKnownFileType = folder.assetcatalog; path = "Preview Assets.xcassets"; sourceTree = "<group>"; };
		C3294FE12B59E61D009F30AB /* CarCustomiserTests.xctest */ = {isa = PBXFileReference; explicitFileType = wrapper.cfbundle; includeInIndex = 0; path = CarCustomiserTests.xctest; sourceTree = BUILT_PRODUCTS_DIR; };
		C3294FE52B59E61D009F30AB /* CarCustomiserTests.swift */ = {isa = PBXFileReference; lastKnownFileType = sourcecode.swift; path = CarCustomiserTests.swift; sourceTree = "<group>"; };
		C3294FEB2B59E61D009F30AB /* CarCustomiserUITests.xctest */ = {isa = PBXFileReference; explicitFileType = wrapper.cfbundle; includeInIndex = 0; path = CarCustomiserUITests.xctest; sourceTree = BUILT_PRODUCTS_DIR; };
		C3294FEF2B59E61D009F30AB /* CarCustomiserUITests.swift */ = {isa = PBXFileReference; lastKnownFileType = sourcecode.swift; path = CarCustomiserUITests.swift; sourceTree = "<group>"; };
		C3294FF12B59E61D009F30AB /* CarCustomiserUITestsLaunchTests.swift */ = {isa = PBXFileReference; lastKnownFileType = sourcecode.swift; path = CarCustomiserUITestsLaunchTests.swift; sourceTree = "<group>"; };
		C3294FFE2B59E91B009F30AB /* Car.swift */ = {isa = PBXFileReference; lastKnownFileType = sourcecode.swift; path = Car.swift; sourceTree = "<group>"; };
/* End PBXFileReference section */

/* Begin PBXFrameworksBuildPhase section */
		C3294FCE2B59E61B009F30AB /* Frameworks */ = {
			isa = PBXFrameworksBuildPhase;
			buildActionMask = 2147483647;
			files = (
			);
			runOnlyForDeploymentPostprocessing = 0;
		};
		C3294FDE2B59E61D009F30AB /* Frameworks */ = {
			isa = PBXFrameworksBuildPhase;
			buildActionMask = 2147483647;
			files = (
			);
			runOnlyForDeploymentPostprocessing = 0;
		};
		C3294FE82B59E61D009F30AB /* Frameworks */ = {
			isa = PBXFrameworksBuildPhase;
			buildActionMask = 2147483647;
			files = (
			);
			runOnlyForDeploymentPostprocessing = 0;
		};
/* End PBXFrameworksBuildPhase section */

/* Begin PBXGroup section */
		C3294FC82B59E61B009F30AB = {
			isa = PBXGroup;
			children = (
				C3294FD32B59E61B009F30AB /* CarCustomiser */,
				C3294FE42B59E61D009F30AB /* CarCustomiserTests */,
				C3294FEE2B59E61D009F30AB /* CarCustomiserUITests */,
				C3294FD22B59E61B009F30AB /* Products */,
			);
			sourceTree = "<group>";
		};
		C3294FD22B59E61B009F30AB /* Products */ = {
			isa = PBXGroup;
			children = (
				C3294FD12B59E61B009F30AB /* CarCustomiser.app */,
				C3294FE12B59E61D009F30AB /* CarCustomiserTests.xctest */,
				C3294FEB2B59E61D009F30AB /* CarCustomiserUITests.xctest */,
			);
			name = Products;
			sourceTree = "<group>";
		};
		C3294FD32B59E61B009F30AB /* CarCustomiser */ = {
			isa = PBXGroup;
			children = (
				C3294FD42B59E61B009F30AB /* CarCustomiserApp.swift */,
				C3294FD62B59E61B009F30AB /* ContentView.swift */,
				C3294FD82B59E61D009F30AB /* Assets.xcassets */,
				C3294FDA2B59E61D009F30AB /* Preview Content */,
				C3294FFE2B59E91B009F30AB /* Car.swift */,
			);
			path = CarCustomiser;
			sourceTree = "<group>";
		};
		C3294FDA2B59E61D009F30AB /* Preview Content */ = {
			isa = PBXGroup;
			children = (
				C3294FDB2B59E61D009F30AB /* Preview Assets.xcassets */,
			);
			path = "Preview Content";
			sourceTree = "<group>";
		};
		C3294FE42B59E61D009F30AB /* CarCustomiserTests */ = {
			isa = PBXGroup;
			children = (
				C3294FE52B59E61D009F30AB /* CarCustomiserTests.swift */,
			);
			path = CarCustomiserTests;
			sourceTree = "<group>";
		};
		C3294FEE2B59E61D009F30AB /* CarCustomiserUITests */ = {
			isa = PBXGroup;
			children = (
				C3294FEF2B59E61D009F30AB /* CarCustomiserUITests.swift */,
				C3294FF12B59E61D009F30AB /* CarCustomiserUITestsLaunchTests.swift */,
			);
			path = CarCustomiserUITests;
			sourceTree = "<group>";
		};
/* End PBXGroup section */

/* Begin PBXNativeTarget section */
		C3294FD02B59E61B009F30AB /* CarCustomiser */ = {
			isa = PBXNativeTarget;
			buildConfigurationList = C3294FF52B59E61D009F30AB /* Build configuration list for PBXNativeTarget "CarCustomiser" */;
			buildPhases = (
				C3294FCD2B59E61B009F30AB /* Sources */,
				C3294FCE2B59E61B009F30AB /* Frameworks */,
				C3294FCF2B59E61B009F30AB /* Resources */,
			);
			buildRules = (
			);
			dependencies = (
			);
			name = CarCustomiser;
			productName = CarCustomiser;
			productReference = C3294FD12B59E61B009F30AB /* CarCustomiser.app */;
			productType = "com.apple.product-type.application";
		};
		C3294FE02B59E61D009F30AB /* CarCustomiserTests */ = {
			isa = PBXNativeTarget;
			buildConfigurationList = C3294FF82B59E61D009F30AB /* Build configuration list for PBXNativeTarget "CarCustomiserTests" */;
			buildPhases = (
				C3294FDD2B59E61D009F30AB /* Sources */,
				C3294FDE2B59E61D009F30AB /* Frameworks */,
				C3294FDF2B59E61D009F30AB /* Resources */,
			);
			buildRules = (
			);
			dependencies = (
				C3294FE32B59E61D009F30AB /* PBXTargetDependency */,
			);
			name = CarCustomiserTests;
			productName = CarCustomiserTests;
			productReference = C3294FE12B59E61D009F30AB /* CarCustomiserTests.xctest */;
			productType = "com.apple.product-type.bundle.unit-test";
		};
		C3294FEA2B59E61D009F30AB /* CarCustomiserUITests */ = {
			isa = PBXNativeTarget;
			buildConfigurationList = C3294FFB2B59E61D009F30AB /* Build configuration list for PBXNativeTarget "CarCustomiserUITests" */;
			buildPhases = (
				C3294FE72B59E61D009F30AB /* Sources */,
				C3294FE82B59E61D009F30AB /* Frameworks */,
				C3294FE92B59E61D009F30AB /* Resources */,
			);
			buildRules = (
			);
			dependencies = (
				C3294FED2B59E61D009F30AB /* PBXTargetDependency */,
			);
			name = CarCustomiserUITests;
			productName = CarCustomiserUITests;
			productReference = C3294FEB2B59E61D009F30AB /* CarCustomiserUITests.xctest */;
			productType = "com.apple.product-type.bundle.ui-testing";
		};
/* End PBXNativeTarget section */

/* Begin PBXProject section */
		C3294FC92B59E61B009F30AB /* Project object */ = {
			isa = PBXProject;
			attributes = {
				BuildIndependentTargetsInParallel = 1;
				LastSwiftUpdateCheck = 1500;
				LastUpgradeCheck = 1500;
				TargetAttributes = {
					C3294FD02B59E61B009F30AB = {
						CreatedOnToolsVersion = 15.0.1;
					};
					C3294FE02B59E61D009F30AB = {
						CreatedOnToolsVersion = 15.0.1;
						TestTargetID = C3294FD02B59E61B009F30AB;
					};
					C3294FEA2B59E61D009F30AB = {
						CreatedOnToolsVersion = 15.0.1;
						TestTargetID = C3294FD02B59E61B009F30AB;
					};
				};
			};
			buildConfigurationList = C3294FCC2B59E61B009F30AB /* Build configuration list for PBXProject "CarCustomiser" */;
			compatibilityVersion = "Xcode 14.0";
			developmentRegion = en;
			hasScannedForEncodings = 0;
			knownRegions = (
				en,
				Base,
			);
			mainGroup = C3294FC82B59E61B009F30AB;
			productRefGroup = C3294FD22B59E61B009F30AB /* Products */;
			projectDirPath = "";
			projectRoot = "";
			targets = (
				C3294FD02B59E61B009F30AB /* CarCustomiser */,
				C3294FE02B59E61D009F30AB /* CarCustomiserTests */,
				C3294FEA2B59E61D009F30AB /* CarCustomiserUITests */,
			);
		};
/* End PBXProject section */

/* Begin PBXResourcesBuildPhase section */
		C3294FCF2B59E61B009F30AB /* Resources */ = {
			isa = PBXResourcesBuildPhase;
			buildActionMask = 2147483647;
			files = (
				C3294FDC2B59E61D009F30AB /* Preview Assets.xcassets in Resources */,
				C3294FD92B59E61D009F30AB /* Assets.xcassets in Resources */,
			);
			runOnlyForDeploymentPostprocessing = 0;
		};
		C3294FDF2B59E61D009F30AB /* Resources */ = {
			isa = PBXResourcesBuildPhase;
			buildActionMask = 2147483647;
			files = (
			);
			runOnlyForDeploymentPostprocessing = 0;
		};
		C3294FE92B59E61D009F30AB /* Resources */ = {
			isa = PBXResourcesBuildPhase;
			buildActionMask = 2147483647;
			files = (
			);
			runOnlyForDeploymentPostprocessing = 0;
		};
/* End PBXResourcesBuildPhase section */

/* Begin PBXSourcesBuildPhase section */
		C3294FCD2B59E61B009F30AB /* Sources */ = {
			isa = PBXSourcesBuildPhase;
			buildActionMask = 2147483647;
			files = (
				C3294FD72B59E61B009F30AB /* ContentView.swift in Sources */,
				C3294FD52B59E61B009F30AB /* CarCustomiserApp.swift in Sources */,
				C3294FFF2B59E91B009F30AB /* Car.swift in Sources */,
			);
			runOnlyForDeploymentPostprocessing = 0;
		};
		C3294FDD2B59E61D009F30AB /* Sources */ = {
			isa = PBXSourcesBuildPhase;
			buildActionMask = 2147483647;
			files = (
				C32950002B59E968009F30AB /* Car.swift in Sources */,
				C3294FE62B59E61D009F30AB /* CarCustomiserTests.swift in Sources */,
				C32950012B59ECD0009F30AB /* ContentView.swift in Sources */,
			);
			runOnlyForDeploymentPostprocessing = 0;
		};
		C3294FE72B59E61D009F30AB /* Sources */ = {
			isa = PBXSourcesBuildPhase;
			buildActionMask = 2147483647;
			files = (
				C3294FF02B59E61D009F30AB /* CarCustomiserUITests.swift in Sources */,
				C3294FF22B59E61D009F30AB /* CarCustomiserUITestsLaunchTests.swift in Sources */,
			);
			runOnlyForDeploymentPostprocessing = 0;
		};
/* End PBXSourcesBuildPhase section */

/* Begin PBXTargetDependency section */
		C3294FE32B59E61D009F30AB /* PBXTargetDependency */ = {
			isa = PBXTargetDependency;
			target = C3294FD02B59E61B009F30AB /* CarCustomiser */;
			targetProxy = C3294FE22B59E61D009F30AB /* PBXContainerItemProxy */;
		};
		C3294FED2B59E61D009F30AB /* PBXTargetDependency */ = {
			isa = PBXTargetDependency;
			target = C3294FD02B59E61B009F30AB /* CarCustomiser */;
			targetProxy = C3294FEC2B59E61D009F30AB /* PBXContainerItemProxy */;
		};
/* End PBXTargetDependency section */

/* Begin XCBuildConfiguration section */
		C3294FF32B59E61D009F30AB /* Debug */ = {
			isa = XCBuildConfiguration;
			buildSettings = {
				ALWAYS_SEARCH_USER_PATHS = NO;
				ASSETCATALOG_COMPILER_GENERATE_SWIFT_ASSET_SYMBOL_EXTENSIONS = YES;
				CLANG_ANALYZER_NONNULL = YES;
				CLANG_ANALYZER_NUMBER_OBJECT_CONVERSION = YES_AGGRESSIVE;
				CLANG_CXX_LANGUAGE_STANDARD = "gnu++20";
				CLANG_ENABLE_MODULES = YES;
				CLANG_ENABLE_OBJC_ARC = YES;
				CLANG_ENABLE_OBJC_WEAK = YES;
				CLANG_WARN_BLOCK_CAPTURE_AUTORELEASING = YES;
				CLANG_WARN_BOOL_CONVERSION = YES;
				CLANG_WARN_COMMA = YES;
				CLANG_WARN_CONSTANT_CONVERSION = YES;
				CLANG_WARN_DEPRECATED_OBJC_IMPLEMENTATIONS = YES;
				CLANG_WARN_DIRECT_OBJC_ISA_USAGE = YES_ERROR;
				CLANG_WARN_DOCUMENTATION_COMMENTS = YES;
				CLANG_WARN_EMPTY_BODY = YES;
				CLANG_WARN_ENUM_CONVERSION = YES;
				CLANG_WARN_INFINITE_RECURSION = YES;
				CLANG_WARN_INT_CONVERSION = YES;
				CLANG_WARN_NON_LITERAL_NULL_CONVERSION = YES;
				CLANG_WARN_OBJC_IMPLICIT_RETAIN_SELF = YES;
				CLANG_WARN_OBJC_LITERAL_CONVERSION = YES;
				CLANG_WARN_OBJC_ROOT_CLASS = YES_ERROR;
				CLANG_WARN_QUOTED_INCLUDE_IN_FRAMEWORK_HEADER = YES;
				CLANG_WARN_RANGE_LOOP_ANALYSIS = YES;
				CLANG_WARN_STRICT_PROTOTYPES = YES;
				CLANG_WARN_SUSPICIOUS_MOVE = YES;
				CLANG_WARN_UNGUARDED_AVAILABILITY = YES_AGGRESSIVE;
				CLANG_WARN_UNREACHABLE_CODE = YES;
				CLANG_WARN__DUPLICATE_METHOD_MATCH = YES;
				COPY_PHASE_STRIP = NO;
				DEBUG_INFORMATION_FORMAT = dwarf;
				ENABLE_STRICT_OBJC_MSGSEND = YES;
				ENABLE_TESTABILITY = YES;
				ENABLE_USER_SCRIPT_SANDBOXING = YES;
				GCC_C_LANGUAGE_STANDARD = gnu17;
				GCC_DYNAMIC_NO_PIC = NO;
				GCC_NO_COMMON_BLOCKS = YES;
				GCC_OPTIMIZATION_LEVEL = 0;
				GCC_PREPROCESSOR_DEFINITIONS = (
					"DEBUG=1",
					"$(inherited)",
				);
				GCC_WARN_64_TO_32_BIT_CONVERSION = YES;
				GCC_WARN_ABOUT_RETURN_TYPE = YES_ERROR;
				GCC_WARN_UNDECLARED_SELECTOR = YES;
				GCC_WARN_UNINITIALIZED_AUTOS = YES_AGGRESSIVE;
				GCC_WARN_UNUSED_FUNCTION = YES;
				GCC_WARN_UNUSED_VARIABLE = YES;
				IPHONEOS_DEPLOYMENT_TARGET = 17.0;
				LOCALIZATION_PREFERS_STRING_CATALOGS = YES;
				MTL_ENABLE_DEBUG_INFO = INCLUDE_SOURCE;
				MTL_FAST_MATH = YES;
				ONLY_ACTIVE_ARCH = YES;
				SDKROOT = iphoneos;
				SWIFT_ACTIVE_COMPILATION_CONDITIONS = "DEBUG $(inherited)";
				SWIFT_OPTIMIZATION_LEVEL = "-Onone";
			};
			name = Debug;
		};
		C3294FF42B59E61D009F30AB /* Release */ = {
			isa = XCBuildConfiguration;
			buildSettings = {
				ALWAYS_SEARCH_USER_PATHS = NO;
				ASSETCATALOG_COMPILER_GENERATE_SWIFT_ASSET_SYMBOL_EXTENSIONS = YES;
				CLANG_ANALYZER_NONNULL = YES;
				CLANG_ANALYZER_NUMBER_OBJECT_CONVERSION = YES_AGGRESSIVE;
				CLANG_CXX_LANGUAGE_STANDARD = "gnu++20";
				CLANG_ENABLE_MODULES = YES;
				CLANG_ENABLE_OBJC_ARC = YES;
				CLANG_ENABLE_OBJC_WEAK = YES;
				CLANG_WARN_BLOCK_CAPTURE_AUTORELEASING = YES;
				CLANG_WARN_BOOL_CONVERSION = YES;
				CLANG_WARN_COMMA = YES;
				CLANG_WARN_CONSTANT_CONVERSION = YES;
				CLANG_WARN_DEPRECATED_OBJC_IMPLEMENTATIONS = YES;
				CLANG_WARN_DIRECT_OBJC_ISA_USAGE = YES_ERROR;
				CLANG_WARN_DOCUMENTATION_COMMENTS = YES;
				CLANG_WARN_EMPTY_BODY = YES;
				CLANG_WARN_ENUM_CONVERSION = YES;
				CLANG_WARN_INFINITE_RECURSION = YES;
				CLANG_WARN_INT_CONVERSION = YES;
				CLANG_WARN_NON_LITERAL_NULL_CONVERSION = YES;
				CLANG_WARN_OBJC_IMPLICIT_RETAIN_SELF = YES;
				CLANG_WARN_OBJC_LITERAL_CONVERSION = YES;
				CLANG_WARN_OBJC_ROOT_CLASS = YES_ERROR;
				CLANG_WARN_QUOTED_INCLUDE_IN_FRAMEWORK_HEADER = YES;
				CLANG_WARN_RANGE_LOOP_ANALYSIS = YES;
				CLANG_WARN_STRICT_PROTOTYPES = YES;
				CLANG_WARN_SUSPICIOUS_MOVE = YES;
				CLANG_WARN_UNGUARDED_AVAILABILITY = YES_AGGRESSIVE;
				CLANG_WARN_UNREACHABLE_CODE = YES;
				CLANG_WARN__DUPLICATE_METHOD_MATCH = YES;
				COPY_PHASE_STRIP = NO;
				DEBUG_INFORMATION_FORMAT = "dwarf-with-dsym";
				ENABLE_NS_ASSERTIONS = NO;
				ENABLE_STRICT_OBJC_MSGSEND = YES;
				ENABLE_USER_SCRIPT_SANDBOXING = YES;
				GCC_C_LANGUAGE_STANDARD = gnu17;
				GCC_NO_COMMON_BLOCKS = YES;
				GCC_WARN_64_TO_32_BIT_CONVERSION = YES;
				GCC_WARN_ABOUT_RETURN_TYPE = YES_ERROR;
				GCC_WARN_UNDECLARED_SELECTOR = YES;
				GCC_WARN_UNINITIALIZED_AUTOS = YES_AGGRESSIVE;
				GCC_WARN_UNUSED_FUNCTION = YES;
				GCC_WARN_UNUSED_VARIABLE = YES;
				IPHONEOS_DEPLOYMENT_TARGET = 17.0;
				LOCALIZATION_PREFERS_STRING_CATALOGS = YES;
				MTL_ENABLE_DEBUG_INFO = NO;
				MTL_FAST_MATH = YES;
				SDKROOT = iphoneos;
				SWIFT_COMPILATION_MODE = wholemodule;
				VALIDATE_PRODUCT = YES;
			};
			name = Release;
		};
		C3294FF62B59E61D009F30AB /* Debug */ = {
			isa = XCBuildConfiguration;
			buildSettings = {
				ASSETCATALOG_COMPILER_APPICON_NAME = AppIcon;
				ASSETCATALOG_COMPILER_GLOBAL_ACCENT_COLOR_NAME = AccentColor;
				CODE_SIGN_STYLE = Automatic;
				CURRENT_PROJECT_VERSION = 1;
				DEVELOPMENT_ASSET_PATHS = "\"CarCustomiser/Preview Content\"";
				ENABLE_PREVIEWS = YES;
				GENERATE_INFOPLIST_FILE = YES;
				INFOPLIST_KEY_UIApplicationSceneManifest_Generation = YES;
				INFOPLIST_KEY_UIApplicationSupportsIndirectInputEvents = YES;
				INFOPLIST_KEY_UILaunchScreen_Generation = YES;
				INFOPLIST_KEY_UISupportedInterfaceOrientations_iPad = "UIInterfaceOrientationPortrait UIInterfaceOrientationPortraitUpsideDown UIInterfaceOrientationLandscapeLeft UIInterfaceOrientationLandscapeRight";
				INFOPLIST_KEY_UISupportedInterfaceOrientations_iPhone = "UIInterfaceOrientationPortrait UIInterfaceOrientationLandscapeLeft UIInterfaceOrientationLandscapeRight";
				IPHONEOS_DEPLOYMENT_TARGET = 17.0;
				LD_RUNPATH_SEARCH_PATHS = (
					"$(inherited)",
					"@executable_path/Frameworks",
				);
				MARKETING_VERSION = 1.0;
				PRODUCT_BUNDLE_IDENTIFIER = com.TomasLopezValcarcel.CarCustomiser;
				PRODUCT_NAME = "$(TARGET_NAME)";
				SWIFT_EMIT_LOC_STRINGS = YES;
				SWIFT_VERSION = 5.0;
				TARGETED_DEVICE_FAMILY = "1,2";
			};
			name = Debug;
		};
		C3294FF72B59E61D009F30AB /* Release */ = {
			isa = XCBuildConfiguration;
			buildSettings = {
				ASSETCATALOG_COMPILER_APPICON_NAME = AppIcon;
				ASSETCATALOG_COMPILER_GLOBAL_ACCENT_COLOR_NAME = AccentColor;
				CODE_SIGN_STYLE = Automatic;
				CURRENT_PROJECT_VERSION = 1;
				DEVELOPMENT_ASSET_PATHS = "\"CarCustomiser/Preview Content\"";
				ENABLE_PREVIEWS = YES;
				GENERATE_INFOPLIST_FILE = YES;
				INFOPLIST_KEY_UIApplicationSceneManifest_Generation = YES;
				INFOPLIST_KEY_UIApplicationSupportsIndirectInputEvents = YES;
				INFOPLIST_KEY_UILaunchScreen_Generation = YES;
				INFOPLIST_KEY_UISupportedInterfaceOrientations_iPad = "UIInterfaceOrientationPortrait UIInterfaceOrientationPortraitUpsideDown UIInterfaceOrientationLandscapeLeft UIInterfaceOrientationLandscapeRight";
				INFOPLIST_KEY_UISupportedInterfaceOrientations_iPhone = "UIInterfaceOrientationPortrait UIInterfaceOrientationLandscapeLeft UIInterfaceOrientationLandscapeRight";
				IPHONEOS_DEPLOYMENT_TARGET = 17.0;
				LD_RUNPATH_SEARCH_PATHS = (
					"$(inherited)",
					"@executable_path/Frameworks",
				);
				MARKETING_VERSION = 1.0;
				PRODUCT_BUNDLE_IDENTIFIER = com.TomasLopezValcarcel.CarCustomiser;
				PRODUCT_NAME = "$(TARGET_NAME)";
				SWIFT_EMIT_LOC_STRINGS = YES;
				SWIFT_VERSION = 5.0;
				TARGETED_DEVICE_FAMILY = "1,2";
			};
			name = Release;
		};
		C3294FF92B59E61D009F30AB /* Debug */ = {
			isa = XCBuildConfiguration;
			buildSettings = {
				ALWAYS_EMBED_SWIFT_STANDARD_LIBRARIES = YES;
				BUNDLE_LOADER = "$(TEST_HOST)";
				CODE_SIGN_STYLE = Automatic;
				CURRENT_PROJECT_VERSION = 1;
				GENERATE_INFOPLIST_FILE = YES;
				IPHONEOS_DEPLOYMENT_TARGET = 17.0;
				MARKETING_VERSION = 1.0;
				PRODUCT_BUNDLE_IDENTIFIER = com.TomasLopezValcarcel.CarCustomiserTests;
				PRODUCT_NAME = "$(TARGET_NAME)";
				SWIFT_EMIT_LOC_STRINGS = NO;
				SWIFT_VERSION = 5.0;
				TARGETED_DEVICE_FAMILY = "1,2";
				TEST_HOST = "$(BUILT_PRODUCTS_DIR)/CarCustomiser.app/$(BUNDLE_EXECUTABLE_FOLDER_PATH)/CarCustomiser";
			};
			name = Debug;
		};
		C3294FFA2B59E61D009F30AB /* Release */ = {
			isa = XCBuildConfiguration;
			buildSettings = {
				ALWAYS_EMBED_SWIFT_STANDARD_LIBRARIES = YES;
				BUNDLE_LOADER = "$(TEST_HOST)";
				CODE_SIGN_STYLE = Automatic;
				CURRENT_PROJECT_VERSION = 1;
				GENERATE_INFOPLIST_FILE = YES;
				IPHONEOS_DEPLOYMENT_TARGET = 17.0;
				MARKETING_VERSION = 1.0;
				PRODUCT_BUNDLE_IDENTIFIER = com.TomasLopezValcarcel.CarCustomiserTests;
				PRODUCT_NAME = "$(TARGET_NAME)";
				SWIFT_EMIT_LOC_STRINGS = NO;
				SWIFT_VERSION = 5.0;
				TARGETED_DEVICE_FAMILY = "1,2";
				TEST_HOST = "$(BUILT_PRODUCTS_DIR)/CarCustomiser.app/$(BUNDLE_EXECUTABLE_FOLDER_PATH)/CarCustomiser";
			};
			name = Release;
		};
		C3294FFC2B59E61D009F30AB /* Debug */ = {
			isa = XCBuildConfiguration;
			buildSettings = {
				ALWAYS_EMBED_SWIFT_STANDARD_LIBRARIES = YES;
				CODE_SIGN_STYLE = Automatic;
				CURRENT_PROJECT_VERSION = 1;
				GENERATE_INFOPLIST_FILE = YES;
				MARKETING_VERSION = 1.0;
				PRODUCT_BUNDLE_IDENTIFIER = com.TomasLopezValcarcel.CarCustomiserUITests;
				PRODUCT_NAME = "$(TARGET_NAME)";
				SWIFT_EMIT_LOC_STRINGS = NO;
				SWIFT_VERSION = 5.0;
				TARGETED_DEVICE_FAMILY = "1,2";
				TEST_TARGET_NAME = CarCustomiser;
			};
			name = Debug;
		};
		C3294FFD2B59E61D009F30AB /* Release */ = {
			isa = XCBuildConfiguration;
			buildSettings = {
				ALWAYS_EMBED_SWIFT_STANDARD_LIBRARIES = YES;
				CODE_SIGN_STYLE = Automatic;
				CURRENT_PROJECT_VERSION = 1;
				GENERATE_INFOPLIST_FILE = YES;
				MARKETING_VERSION = 1.0;
				PRODUCT_BUNDLE_IDENTIFIER = com.TomasLopezValcarcel.CarCustomiserUITests;
				PRODUCT_NAME = "$(TARGET_NAME)";
				SWIFT_EMIT_LOC_STRINGS = NO;
				SWIFT_VERSION = 5.0;
				TARGETED_DEVICE_FAMILY = "1,2";
				TEST_TARGET_NAME = CarCustomiser;
			};
			name = Release;
		};
/* End XCBuildConfiguration section */

/* Begin XCConfigurationList section */
		C3294FCC2B59E61B009F30AB /* Build configuration list for PBXProject "CarCustomiser" */ = {
			isa = XCConfigurationList;
			buildConfigurations = (
				C3294FF32B59E61D009F30AB /* Debug */,
				C3294FF42B59E61D009F30AB /* Release */,
			);
			defaultConfigurationIsVisible = 0;
			defaultConfigurationName = Release;
		};
		C3294FF52B59E61D009F30AB /* Build configuration list for PBXNativeTarget "CarCustomiser" */ = {
			isa = XCConfigurationList;
			buildConfigurations = (
				C3294FF62B59E61D009F30AB /* Debug */,
				C3294FF72B59E61D009F30AB /* Release */,
			);
			defaultConfigurationIsVisible = 0;
			defaultConfigurationName = Release;
		};
		C3294FF82B59E61D009F30AB /* Build configuration list for PBXNativeTarget "CarCustomiserTests" */ = {
			isa = XCConfigurationList;
			buildConfigurations = (
				C3294FF92B59E61D009F30AB /* Debug */,
				C3294FFA2B59E61D009F30AB /* Release */,
			);
			defaultConfigurationIsVisible = 0;
			defaultConfigurationName = Release;
		};
		C3294FFB2B59E61D009F30AB /* Build configuration list for PBXNativeTarget "CarCustomiserUITests" */ = {
			isa = XCConfigurationList;
			buildConfigurations = (
				C3294FFC2B59E61D009F30AB /* Debug */,
				C3294FFD2B59E61D009F30AB /* Release */,
			);
			defaultConfigurationIsVisible = 0;
			defaultConfigurationName = Release;
		};
/* End XCConfigurationList section */
	};
	rootObject = C3294FC92B59E61B009F30AB /* Project object */;
}
